// !$*UTF8*$!
{
	archiveVersion = 1;
	classes = {
	};
	objectVersion = 51;
	objects = {

/* Begin PBXBuildFile section */
		3A78EF5124A4FC13008FB9D1 /* PhotosViewController.m in Sources */ = {isa = PBXBuildFile; fileRef = 3A78EF5024A4FC13008FB9D1 /* PhotosViewController.m */; };
		3A78EF5524A50493008FB9D1 /* PhotoCell.m in Sources */ = {isa = PBXBuildFile; fileRef = 3A78EF5424A50493008FB9D1 /* PhotoCell.m */; };
		3A9FBE2924A4F95400C7C461 /* AppDelegate.m in Sources */ = {isa = PBXBuildFile; fileRef = 3A9FBE2824A4F95400C7C461 /* AppDelegate.m */; };
		3A9FBE2C24A4F95400C7C461 /* SceneDelegate.m in Sources */ = {isa = PBXBuildFile; fileRef = 3A9FBE2B24A4F95400C7C461 /* SceneDelegate.m */; };
		3A9FBE3224A4F95400C7C461 /* Main.storyboard in Resources */ = {isa = PBXBuildFile; fileRef = 3A9FBE3024A4F95400C7C461 /* Main.storyboard */; };
		3A9FBE3424A4F95500C7C461 /* Assets.xcassets in Resources */ = {isa = PBXBuildFile; fileRef = 3A9FBE3324A4F95500C7C461 /* Assets.xcassets */; };
		3A9FBE3724A4F95500C7C461 /* LaunchScreen.storyboard in Resources */ = {isa = PBXBuildFile; fileRef = 3A9FBE3524A4F95500C7C461 /* LaunchScreen.storyboard */; };
		3A9FBE3A24A4F95500C7C461 /* main.m in Sources */ = {isa = PBXBuildFile; fileRef = 3A9FBE3924A4F95500C7C461 /* main.m */; };
		3A9FBE4424A4F95500C7C461 /* TumblrLabTests.m in Sources */ = {isa = PBXBuildFile; fileRef = 3A9FBE4324A4F95500C7C461 /* TumblrLabTests.m */; };
		3A9FBE4F24A4F95500C7C461 /* TumblrLabUITests.m in Sources */ = {isa = PBXBuildFile; fileRef = 3A9FBE4E24A4F95500C7C461 /* TumblrLabUITests.m */; };
		7AF51C29C65396452036315C /* Pods_TumblrLab_TumblrLabUITests.framework in Frameworks */ = {isa = PBXBuildFile; fileRef = 63C2F494DE453E9457D9B063 /* Pods_TumblrLab_TumblrLabUITests.framework */; };
		C784CD29DCC8EE1D3267CEA3 /* Pods_TumblrLabTests.framework in Frameworks */ = {isa = PBXBuildFile; fileRef = FFDD35423E2496FB85C33100 /* Pods_TumblrLabTests.framework */; };
		FAD2ECBC78B18CC4C0323AA2 /* Pods_TumblrLab.framework in Frameworks */ = {isa = PBXBuildFile; fileRef = 581E0518B28CFFE617F5DC6F /* Pods_TumblrLab.framework */; };
/* End PBXBuildFile section */

/* Begin PBXContainerItemProxy section */
		3A9FBE4024A4F95500C7C461 /* PBXContainerItemProxy */ = {
			isa = PBXContainerItemProxy;
			containerPortal = 3A9FBE1C24A4F95400C7C461 /* Project object */;
			proxyType = 1;
			remoteGlobalIDString = 3A9FBE2324A4F95400C7C461;
			remoteInfo = TumblrLab;
		};
		3A9FBE4B24A4F95500C7C461 /* PBXContainerItemProxy */ = {
			isa = PBXContainerItemProxy;
			containerPortal = 3A9FBE1C24A4F95400C7C461 /* Project object */;
			proxyType = 1;
			remoteGlobalIDString = 3A9FBE2324A4F95400C7C461;
			remoteInfo = TumblrLab;
		};
/* End PBXContainerItemProxy section */

/* Begin PBXFileReference section */
		1084540907136D41D17CFF42 /* Pods-TumblrLabTests.release.xcconfig */ = {isa = PBXFileReference; includeInIndex = 1; lastKnownFileType = text.xcconfig; name = "Pods-TumblrLabTests.release.xcconfig"; path = "Target Support Files/Pods-TumblrLabTests/Pods-TumblrLabTests.release.xcconfig"; sourceTree = "<group>"; };
		3A78EF4F24A4FC13008FB9D1 /* PhotosViewController.h */ = {isa = PBXFileReference; lastKnownFileType = sourcecode.c.h; path = PhotosViewController.h; sourceTree = "<group>"; };
		3A78EF5024A4FC13008FB9D1 /* PhotosViewController.m */ = {isa = PBXFileReference; lastKnownFileType = sourcecode.c.objc; path = PhotosViewController.m; sourceTree = "<group>"; };
		3A78EF5324A50493008FB9D1 /* PhotoCell.h */ = {isa = PBXFileReference; lastKnownFileType = sourcecode.c.h; path = PhotoCell.h; sourceTree = "<group>"; };
		3A78EF5424A50493008FB9D1 /* PhotoCell.m */ = {isa = PBXFileReference; lastKnownFileType = sourcecode.c.objc; path = PhotoCell.m; sourceTree = "<group>"; };
		3A9FBE2424A4F95400C7C461 /* TumblrLab.app */ = {isa = PBXFileReference; explicitFileType = wrapper.application; includeInIndex = 0; path = TumblrLab.app; sourceTree = BUILT_PRODUCTS_DIR; };
		3A9FBE2724A4F95400C7C461 /* AppDelegate.h */ = {isa = PBXFileReference; lastKnownFileType = sourcecode.c.h; path = AppDelegate.h; sourceTree = "<group>"; };
		3A9FBE2824A4F95400C7C461 /* AppDelegate.m */ = {isa = PBXFileReference; lastKnownFileType = sourcecode.c.objc; path = AppDelegate.m; sourceTree = "<group>"; };
		3A9FBE2A24A4F95400C7C461 /* SceneDelegate.h */ = {isa = PBXFileReference; lastKnownFileType = sourcecode.c.h; path = SceneDelegate.h; sourceTree = "<group>"; };
		3A9FBE2B24A4F95400C7C461 /* SceneDelegate.m */ = {isa = PBXFileReference; lastKnownFileType = sourcecode.c.objc; path = SceneDelegate.m; sourceTree = "<group>"; };
		3A9FBE3124A4F95400C7C461 /* Base */ = {isa = PBXFileReference; lastKnownFileType = file.storyboard; name = Base; path = Base.lproj/Main.storyboard; sourceTree = "<group>"; };
		3A9FBE3324A4F95500C7C461 /* Assets.xcassets */ = {isa = PBXFileReference; lastKnownFileType = folder.assetcatalog; path = Assets.xcassets; sourceTree = "<group>"; };
		3A9FBE3624A4F95500C7C461 /* Base */ = {isa = PBXFileReference; lastKnownFileType = file.storyboard; name = Base; path = Base.lproj/LaunchScreen.storyboard; sourceTree = "<group>"; };
		3A9FBE3824A4F95500C7C461 /* Info.plist */ = {isa = PBXFileReference; lastKnownFileType = text.plist.xml; path = Info.plist; sourceTree = "<group>"; };
		3A9FBE3924A4F95500C7C461 /* main.m */ = {isa = PBXFileReference; lastKnownFileType = sourcecode.c.objc; path = main.m; sourceTree = "<group>"; };
		3A9FBE3F24A4F95500C7C461 /* TumblrLabTests.xctest */ = {isa = PBXFileReference; explicitFileType = wrapper.cfbundle; includeInIndex = 0; path = TumblrLabTests.xctest; sourceTree = BUILT_PRODUCTS_DIR; };
		3A9FBE4324A4F95500C7C461 /* TumblrLabTests.m */ = {isa = PBXFileReference; lastKnownFileType = sourcecode.c.objc; path = TumblrLabTests.m; sourceTree = "<group>"; };
		3A9FBE4524A4F95500C7C461 /* Info.plist */ = {isa = PBXFileReference; lastKnownFileType = text.plist.xml; path = Info.plist; sourceTree = "<group>"; };
		3A9FBE4A24A4F95500C7C461 /* TumblrLabUITests.xctest */ = {isa = PBXFileReference; explicitFileType = wrapper.cfbundle; includeInIndex = 0; path = TumblrLabUITests.xctest; sourceTree = BUILT_PRODUCTS_DIR; };
		3A9FBE4E24A4F95500C7C461 /* TumblrLabUITests.m */ = {isa = PBXFileReference; lastKnownFileType = sourcecode.c.objc; path = TumblrLabUITests.m; sourceTree = "<group>"; };
		3A9FBE5024A4F95500C7C461 /* Info.plist */ = {isa = PBXFileReference; lastKnownFileType = text.plist.xml; path = Info.plist; sourceTree = "<group>"; };
		581E0518B28CFFE617F5DC6F /* Pods_TumblrLab.framework */ = {isa = PBXFileReference; explicitFileType = wrapper.framework; includeInIndex = 0; path = Pods_TumblrLab.framework; sourceTree = BUILT_PRODUCTS_DIR; };
		63C2F494DE453E9457D9B063 /* Pods_TumblrLab_TumblrLabUITests.framework */ = {isa = PBXFileReference; explicitFileType = wrapper.framework; includeInIndex = 0; path = Pods_TumblrLab_TumblrLabUITests.framework; sourceTree = BUILT_PRODUCTS_DIR; };
		7A29127E702B0447262D0AC3 /* Pods-TumblrLab-TumblrLabUITests.debug.xcconfig */ = {isa = PBXFileReference; includeInIndex = 1; lastKnownFileType = text.xcconfig; name = "Pods-TumblrLab-TumblrLabUITests.debug.xcconfig"; path = "Target Support Files/Pods-TumblrLab-TumblrLabUITests/Pods-TumblrLab-TumblrLabUITests.debug.xcconfig"; sourceTree = "<group>"; };
		A5E2CFC3B3037209769893AB /* Pods-TumblrLab-TumblrLabUITests.release.xcconfig */ = {isa = PBXFileReference; includeInIndex = 1; lastKnownFileType = text.xcconfig; name = "Pods-TumblrLab-TumblrLabUITests.release.xcconfig"; path = "Target Support Files/Pods-TumblrLab-TumblrLabUITests/Pods-TumblrLab-TumblrLabUITests.release.xcconfig"; sourceTree = "<group>"; };
		AC673AE072503860241C42A6 /* Pods-TumblrLabTests.debug.xcconfig */ = {isa = PBXFileReference; includeInIndex = 1; lastKnownFileType = text.xcconfig; name = "Pods-TumblrLabTests.debug.xcconfig"; path = "Target Support Files/Pods-TumblrLabTests/Pods-TumblrLabTests.debug.xcconfig"; sourceTree = "<group>"; };
		B328E2AC74DE58092F52A482 /* Pods-TumblrLab.debug.xcconfig */ = {isa = PBXFileReference; includeInIndex = 1; lastKnownFileType = text.xcconfig; name = "Pods-TumblrLab.debug.xcconfig"; path = "Target Support Files/Pods-TumblrLab/Pods-TumblrLab.debug.xcconfig"; sourceTree = "<group>"; };
		F28318F73624F15D2570D7A4 /* Pods-TumblrLab.release.xcconfig */ = {isa = PBXFileReference; includeInIndex = 1; lastKnownFileType = text.xcconfig; name = "Pods-TumblrLab.release.xcconfig"; path = "Target Support Files/Pods-TumblrLab/Pods-TumblrLab.release.xcconfig"; sourceTree = "<group>"; };
		FFDD35423E2496FB85C33100 /* Pods_TumblrLabTests.framework */ = {isa = PBXFileReference; explicitFileType = wrapper.framework; includeInIndex = 0; path = Pods_TumblrLabTests.framework; sourceTree = BUILT_PRODUCTS_DIR; };
/* End PBXFileReference section */

/* Begin PBXFrameworksBuildPhase section */
		3A9FBE2124A4F95400C7C461 /* Frameworks */ = {
			isa = PBXFrameworksBuildPhase;
			buildActionMask = 2147483647;
			files = (
				FAD2ECBC78B18CC4C0323AA2 /* Pods_TumblrLab.framework in Frameworks */,
			);
			runOnlyForDeploymentPostprocessing = 0;
		};
		3A9FBE3C24A4F95500C7C461 /* Frameworks */ = {
			isa = PBXFrameworksBuildPhase;
			buildActionMask = 2147483647;
			files = (
				C784CD29DCC8EE1D3267CEA3 /* Pods_TumblrLabTests.framework in Frameworks */,
			);
			runOnlyForDeploymentPostprocessing = 0;
		};
		3A9FBE4724A4F95500C7C461 /* Frameworks */ = {
			isa = PBXFrameworksBuildPhase;
			buildActionMask = 2147483647;
			files = (
				7AF51C29C65396452036315C /* Pods_TumblrLab_TumblrLabUITests.framework in Frameworks */,
			);
			runOnlyForDeploymentPostprocessing = 0;
		};
/* End PBXFrameworksBuildPhase section */

/* Begin PBXGroup section */
		287BC65E28B3BE8A0D3C608D /* Frameworks */ = {
			isa = PBXGroup;
			children = (
				581E0518B28CFFE617F5DC6F /* Pods_TumblrLab.framework */,
				63C2F494DE453E9457D9B063 /* Pods_TumblrLab_TumblrLabUITests.framework */,
				FFDD35423E2496FB85C33100 /* Pods_TumblrLabTests.framework */,
			);
			name = Frameworks;
			sourceTree = "<group>";
		};
		3A78EF4E24A4FB46008FB9D1 /* View Controllers */ = {
			isa = PBXGroup;
			children = (
				3A78EF4F24A4FC13008FB9D1 /* PhotosViewController.h */,
				3A78EF5024A4FC13008FB9D1 /* PhotosViewController.m */,
			);
			path = "View Controllers";
			sourceTree = "<group>";
		};
		3A78EF5224A5047F008FB9D1 /* Views */ = {
			isa = PBXGroup;
			children = (
				3A78EF5324A50493008FB9D1 /* PhotoCell.h */,
				3A78EF5424A50493008FB9D1 /* PhotoCell.m */,
			);
			path = Views;
			sourceTree = "<group>";
		};
		3A9FBE1B24A4F95400C7C461 = {
			isa = PBXGroup;
			children = (
				3A9FBE2624A4F95400C7C461 /* TumblrLab */,
				3A9FBE4224A4F95500C7C461 /* TumblrLabTests */,
				3A9FBE4D24A4F95500C7C461 /* TumblrLabUITests */,
				3A9FBE2524A4F95400C7C461 /* Products */,
				FCACDE5FBC7A157E78E3FF1C /* Pods */,
				287BC65E28B3BE8A0D3C608D /* Frameworks */,
			);
			sourceTree = "<group>";
		};
		3A9FBE2524A4F95400C7C461 /* Products */ = {
			isa = PBXGroup;
			children = (
				3A9FBE2424A4F95400C7C461 /* TumblrLab.app */,
				3A9FBE3F24A4F95500C7C461 /* TumblrLabTests.xctest */,
				3A9FBE4A24A4F95500C7C461 /* TumblrLabUITests.xctest */,
			);
			name = Products;
			sourceTree = "<group>";
		};
		3A9FBE2624A4F95400C7C461 /* TumblrLab */ = {
			isa = PBXGroup;
			children = (
				3A78EF5224A5047F008FB9D1 /* Views */,
				3A78EF4E24A4FB46008FB9D1 /* View Controllers */,
				3A9FBE2724A4F95400C7C461 /* AppDelegate.h */,
				3A9FBE2824A4F95400C7C461 /* AppDelegate.m */,
				3A9FBE2A24A4F95400C7C461 /* SceneDelegate.h */,
				3A9FBE2B24A4F95400C7C461 /* SceneDelegate.m */,
				3A9FBE3024A4F95400C7C461 /* Main.storyboard */,
				3A9FBE3324A4F95500C7C461 /* Assets.xcassets */,
				3A9FBE3524A4F95500C7C461 /* LaunchScreen.storyboard */,
				3A9FBE3824A4F95500C7C461 /* Info.plist */,
				3A9FBE3924A4F95500C7C461 /* main.m */,
			);
			path = TumblrLab;
			sourceTree = "<group>";
		};
		3A9FBE4224A4F95500C7C461 /* TumblrLabTests */ = {
			isa = PBXGroup;
			children = (
				3A9FBE4324A4F95500C7C461 /* TumblrLabTests.m */,
				3A9FBE4524A4F95500C7C461 /* Info.plist */,
			);
			path = TumblrLabTests;
			sourceTree = "<group>";
		};
		3A9FBE4D24A4F95500C7C461 /* TumblrLabUITests */ = {
			isa = PBXGroup;
			children = (
				3A9FBE4E24A4F95500C7C461 /* TumblrLabUITests.m */,
				3A9FBE5024A4F95500C7C461 /* Info.plist */,
			);
			path = TumblrLabUITests;
			sourceTree = "<group>";
		};
		FCACDE5FBC7A157E78E3FF1C /* Pods */ = {
			isa = PBXGroup;
			children = (
				B328E2AC74DE58092F52A482 /* Pods-TumblrLab.debug.xcconfig */,
				F28318F73624F15D2570D7A4 /* Pods-TumblrLab.release.xcconfig */,
				7A29127E702B0447262D0AC3 /* Pods-TumblrLab-TumblrLabUITests.debug.xcconfig */,
				A5E2CFC3B3037209769893AB /* Pods-TumblrLab-TumblrLabUITests.release.xcconfig */,
				AC673AE072503860241C42A6 /* Pods-TumblrLabTests.debug.xcconfig */,
				1084540907136D41D17CFF42 /* Pods-TumblrLabTests.release.xcconfig */,
			);
			path = Pods;
			sourceTree = "<group>";
		};
/* End PBXGroup section */

/* Begin PBXNativeTarget section */
		3A9FBE2324A4F95400C7C461 /* TumblrLab */ = {
			isa = PBXNativeTarget;
			buildConfigurationList = 3A9FBE5324A4F95500C7C461 /* Build configuration list for PBXNativeTarget "TumblrLab" */;
			buildPhases = (
				147D8735ED80A751AC3C3D76 /* [CP] Check Pods Manifest.lock */,
				3A9FBE2024A4F95400C7C461 /* Sources */,
				3A9FBE2124A4F95400C7C461 /* Frameworks */,
				3A9FBE2224A4F95400C7C461 /* Resources */,
				0992F3EACD984A03E3F7AA02 /* [CP] Embed Pods Frameworks */,
			);
			buildRules = (
			);
			dependencies = (
			);
			name = TumblrLab;
			productName = TumblrLab;
			productReference = 3A9FBE2424A4F95400C7C461 /* TumblrLab.app */;
			productType = "com.apple.product-type.application";
		};
		3A9FBE3E24A4F95500C7C461 /* TumblrLabTests */ = {
			isa = PBXNativeTarget;
			buildConfigurationList = 3A9FBE5624A4F95500C7C461 /* Build configuration list for PBXNativeTarget "TumblrLabTests" */;
			buildPhases = (
				BFC660504A2AF8D84E061DF1 /* [CP] Check Pods Manifest.lock */,
				3A9FBE3B24A4F95500C7C461 /* Sources */,
				3A9FBE3C24A4F95500C7C461 /* Frameworks */,
				3A9FBE3D24A4F95500C7C461 /* Resources */,
			);
			buildRules = (
			);
			dependencies = (
				3A9FBE4124A4F95500C7C461 /* PBXTargetDependency */,
			);
			name = TumblrLabTests;
			productName = TumblrLabTests;
			productReference = 3A9FBE3F24A4F95500C7C461 /* TumblrLabTests.xctest */;
			productType = "com.apple.product-type.bundle.unit-test";
		};
		3A9FBE4924A4F95500C7C461 /* TumblrLabUITests */ = {
			isa = PBXNativeTarget;
			buildConfigurationList = 3A9FBE5924A4F95500C7C461 /* Build configuration list for PBXNativeTarget "TumblrLabUITests" */;
			buildPhases = (
				56BD5BA3834AAA35CE992B0F /* [CP] Check Pods Manifest.lock */,
				3A9FBE4624A4F95500C7C461 /* Sources */,
				3A9FBE4724A4F95500C7C461 /* Frameworks */,
				3A9FBE4824A4F95500C7C461 /* Resources */,
				CF01F844AF8979207D8356DC /* [CP] Embed Pods Frameworks */,
			);
			buildRules = (
			);
			dependencies = (
				3A9FBE4C24A4F95500C7C461 /* PBXTargetDependency */,
			);
			name = TumblrLabUITests;
			productName = TumblrLabUITests;
			productReference = 3A9FBE4A24A4F95500C7C461 /* TumblrLabUITests.xctest */;
			productType = "com.apple.product-type.bundle.ui-testing";
		};
/* End PBXNativeTarget section */

/* Begin PBXProject section */
		3A9FBE1C24A4F95400C7C461 /* Project object */ = {
			isa = PBXProject;
			attributes = {
				LastUpgradeCheck = 1150;
				ORGANIZATIONNAME = jazgill;
				TargetAttributes = {
					3A9FBE2324A4F95400C7C461 = {
						CreatedOnToolsVersion = 11.5;
					};
					3A9FBE3E24A4F95500C7C461 = {
						CreatedOnToolsVersion = 11.5;
						TestTargetID = 3A9FBE2324A4F95400C7C461;
					};
					3A9FBE4924A4F95500C7C461 = {
						CreatedOnToolsVersion = 11.5;
						TestTargetID = 3A9FBE2324A4F95400C7C461;
					};
				};
			};
			buildConfigurationList = 3A9FBE1F24A4F95400C7C461 /* Build configuration list for PBXProject "TumblrLab" */;
			compatibilityVersion = "Xcode 9.3";
			developmentRegion = en;
			hasScannedForEncodings = 0;
			knownRegions = (
				en,
				Base,
			);
			mainGroup = 3A9FBE1B24A4F95400C7C461;
			productRefGroup = 3A9FBE2524A4F95400C7C461 /* Products */;
			projectDirPath = "";
			projectRoot = "";
			targets = (
				3A9FBE2324A4F95400C7C461 /* TumblrLab */,
				3A9FBE3E24A4F95500C7C461 /* TumblrLabTests */,
				3A9FBE4924A4F95500C7C461 /* TumblrLabUITests */,
			);
		};
/* End PBXProject section */

/* Begin PBXResourcesBuildPhase section */
		3A9FBE2224A4F95400C7C461 /* Resources */ = {
			isa = PBXResourcesBuildPhase;
			buildActionMask = 2147483647;
			files = (
				3A9FBE3724A4F95500C7C461 /* LaunchScreen.storyboard in Resources */,
				3A9FBE3424A4F95500C7C461 /* Assets.xcassets in Resources */,
				3A9FBE3224A4F95400C7C461 /* Main.storyboard in Resources */,
			);
			runOnlyForDeploymentPostprocessing = 0;
		};
		3A9FBE3D24A4F95500C7C461 /* Resources */ = {
			isa = PBXResourcesBuildPhase;
			buildActionMask = 2147483647;
			files = (
			);
			runOnlyForDeploymentPostprocessing = 0;
		};
		3A9FBE4824A4F95500C7C461 /* Resources */ = {
			isa = PBXResourcesBuildPhase;
			buildActionMask = 2147483647;
			files = (
			);
			runOnlyForDeploymentPostprocessing = 0;
		};
/* End PBXResourcesBuildPhase section */

/* Begin PBXShellScriptBuildPhase section */
		0992F3EACD984A03E3F7AA02 /* [CP] Embed Pods Frameworks */ = {
			isa = PBXShellScriptBuildPhase;
			buildActionMask = 2147483647;
			files = (
			);
			inputFileListPaths = (
				"${PODS_ROOT}/Target Support Files/Pods-TumblrLab/Pods-TumblrLab-frameworks-${CONFIGURATION}-input-files.xcfilelist",
			);
			name = "[CP] Embed Pods Frameworks";
			outputFileListPaths = (
				"${PODS_ROOT}/Target Support Files/Pods-TumblrLab/Pods-TumblrLab-frameworks-${CONFIGURATION}-output-files.xcfilelist",
			);
			runOnlyForDeploymentPostprocessing = 0;
			shellPath = /bin/sh;
			shellScript = "\"${PODS_ROOT}/Target Support Files/Pods-TumblrLab/Pods-TumblrLab-frameworks.sh\"\n";
			showEnvVarsInLog = 0;
		};
		147D8735ED80A751AC3C3D76 /* [CP] Check Pods Manifest.lock */ = {
			isa = PBXShellScriptBuildPhase;
			buildActionMask = 2147483647;
			files = (
			);
			inputFileListPaths = (
			);
			inputPaths = (
				"${PODS_PODFILE_DIR_PATH}/Podfile.lock",
				"${PODS_ROOT}/Manifest.lock",
			);
			name = "[CP] Check Pods Manifest.lock";
			outputFileListPaths = (
			);
			outputPaths = (
				"$(DERIVED_FILE_DIR)/Pods-TumblrLab-checkManifestLockResult.txt",
			);
			runOnlyForDeploymentPostprocessing = 0;
			shellPath = /bin/sh;
			shellScript = "diff \"${PODS_PODFILE_DIR_PATH}/Podfile.lock\" \"${PODS_ROOT}/Manifest.lock\" > /dev/null\nif [ $? != 0 ] ; then\n    # print error to STDERR\n    echo \"error: The sandbox is not in sync with the Podfile.lock. Run 'pod install' or update your CocoaPods installation.\" >&2\n    exit 1\nfi\n# This output is used by Xcode 'outputs' to avoid re-running this script phase.\necho \"SUCCESS\" > \"${SCRIPT_OUTPUT_FILE_0}\"\n";
			showEnvVarsInLog = 0;
		};
		56BD5BA3834AAA35CE992B0F /* [CP] Check Pods Manifest.lock */ = {
			isa = PBXShellScriptBuildPhase;
			buildActionMask = 2147483647;
			files = (
			);
			inputFileListPaths = (
			);
			inputPaths = (
				"${PODS_PODFILE_DIR_PATH}/Podfile.lock",
				"${PODS_ROOT}/Manifest.lock",
			);
			name = "[CP] Check Pods Manifest.lock";
			outputFileListPaths = (
			);
			outputPaths = (
				"$(DERIVED_FILE_DIR)/Pods-TumblrLab-TumblrLabUITests-checkManifestLockResult.txt",
			);
			runOnlyForDeploymentPostprocessing = 0;
			shellPath = /bin/sh;
			shellScript = "diff \"${PODS_PODFILE_DIR_PATH}/Podfile.lock\" \"${PODS_ROOT}/Manifest.lock\" > /dev/null\nif [ $? != 0 ] ; then\n    # print error to STDERR\n    echo \"error: The sandbox is not in sync with the Podfile.lock. Run 'pod install' or update your CocoaPods installation.\" >&2\n    exit 1\nfi\n# This output is used by Xcode 'outputs' to avoid re-running this script phase.\necho \"SUCCESS\" > \"${SCRIPT_OUTPUT_FILE_0}\"\n";
			showEnvVarsInLog = 0;
		};
		BFC660504A2AF8D84E061DF1 /* [CP] Check Pods Manifest.lock */ = {
			isa = PBXShellScriptBuildPhase;
			buildActionMask = 2147483647;
			files = (
			);
			inputFileListPaths = (
			);
			inputPaths = (
				"${PODS_PODFILE_DIR_PATH}/Podfile.lock",
				"${PODS_ROOT}/Manifest.lock",
			);
			name = "[CP] Check Pods Manifest.lock";
			outputFileListPaths = (
			);
			outputPaths = (
				"$(DERIVED_FILE_DIR)/Pods-TumblrLabTests-checkManifestLockResult.txt",
			);
			runOnlyForDeploymentPostprocessing = 0;
			shellPath = /bin/sh;
			shellScript = "diff \"${PODS_PODFILE_DIR_PATH}/Podfile.lock\" \"${PODS_ROOT}/Manifest.lock\" > /dev/null\nif [ $? != 0 ] ; then\n    # print error to STDERR\n    echo \"error: The sandbox is not in sync with the Podfile.lock. Run 'pod install' or update your CocoaPods installation.\" >&2\n    exit 1\nfi\n# This output is used by Xcode 'outputs' to avoid re-running this script phase.\necho \"SUCCESS\" > \"${SCRIPT_OUTPUT_FILE_0}\"\n";
			showEnvVarsInLog = 0;
		};
		CF01F844AF8979207D8356DC /* [CP] Embed Pods Frameworks */ = {
			isa = PBXShellScriptBuildPhase;
			buildActionMask = 2147483647;
			files = (
			);
			inputFileListPaths = (
				"${PODS_ROOT}/Target Support Files/Pods-TumblrLab-TumblrLabUITests/Pods-TumblrLab-TumblrLabUITests-frameworks-${CONFIGURATION}-input-files.xcfilelist",
			);
			name = "[CP] Embed Pods Frameworks";
			outputFileListPaths = (
				"${PODS_ROOT}/Target Support Files/Pods-TumblrLab-TumblrLabUITests/Pods-TumblrLab-TumblrLabUITests-frameworks-${CONFIGURATION}-output-files.xcfilelist",
			);
			runOnlyForDeploymentPostprocessing = 0;
			shellPath = /bin/sh;
			shellScript = "\"${PODS_ROOT}/Target Support Files/Pods-TumblrLab-TumblrLabUITests/Pods-TumblrLab-TumblrLabUITests-frameworks.sh\"\n";
			showEnvVarsInLog = 0;
		};
/* End PBXShellScriptBuildPhase section */

/* Begin PBXSourcesBuildPhase section */
		3A9FBE2024A4F95400C7C461 /* Sources */ = {
			isa = PBXSourcesBuildPhase;
			buildActionMask = 2147483647;
			files = (
				3A9FBE2924A4F95400C7C461 /* AppDelegate.m in Sources */,
				3A78EF5524A50493008FB9D1 /* PhotoCell.m in Sources */,
				3A78EF5124A4FC13008FB9D1 /* PhotosViewController.m in Sources */,
				3A9FBE3A24A4F95500C7C461 /* main.m in Sources */,
				3A9FBE2C24A4F95400C7C461 /* SceneDelegate.m in Sources */,
			);
			runOnlyForDeploymentPostprocessing = 0;
		};
		3A9FBE3B24A4F95500C7C461 /* Sources */ = {
			isa = PBXSourcesBuildPhase;
			buildActionMask = 2147483647;
			files = (
				3A9FBE4424A4F95500C7C461 /* TumblrLabTests.m in Sources */,
			);
			runOnlyForDeploymentPostprocessing = 0;
		};
		3A9FBE4624A4F95500C7C461 /* Sources */ = {
			isa = PBXSourcesBuildPhase;
			buildActionMask = 2147483647;
			files = (
				3A9FBE4F24A4F95500C7C461 /* TumblrLabUITests.m in Sources */,
			);
			runOnlyForDeploymentPostprocessing = 0;
		};
/* End PBXSourcesBuildPhase section */

/* Begin PBXTargetDependency section */
		3A9FBE4124A4F95500C7C461 /* PBXTargetDependency */ = {
			isa = PBXTargetDependency;
			target = 3A9FBE2324A4F95400C7C461 /* TumblrLab */;
			targetProxy = 3A9FBE4024A4F95500C7C461 /* PBXContainerItemProxy */;
		};
		3A9FBE4C24A4F95500C7C461 /* PBXTargetDependency */ = {
			isa = PBXTargetDependency;
			target = 3A9FBE2324A4F95400C7C461 /* TumblrLab */;
			targetProxy = 3A9FBE4B24A4F95500C7C461 /* PBXContainerItemProxy */;
		};
/* End PBXTargetDependency section */

/* Begin PBXVariantGroup section */
		3A9FBE3024A4F95400C7C461 /* Main.storyboard */ = {
			isa = PBXVariantGroup;
			children = (
				3A9FBE3124A4F95400C7C461 /* Base */,
			);
			name = Main.storyboard;
			sourceTree = "<group>";
		};
		3A9FBE3524A4F95500C7C461 /* LaunchScreen.storyboard */ = {
			isa = PBXVariantGroup;
			children = (
				3A9FBE3624A4F95500C7C461 /* Base */,
			);
			name = LaunchScreen.storyboard;
			sourceTree = "<group>";
		};
/* End PBXVariantGroup section */

/* Begin XCBuildConfiguration section */
		3A9FBE5124A4F95500C7C461 /* Debug */ = {
			isa = XCBuildConfiguration;
			buildSettings = {
				ALWAYS_SEARCH_USER_PATHS = NO;
				CLANG_ANALYZER_NONNULL = YES;
				CLANG_ANALYZER_NUMBER_OBJECT_CONVERSION = YES_AGGRESSIVE;
				CLANG_CXX_LANGUAGE_STANDARD = "gnu++14";
				CLANG_CXX_LIBRARY = "libc++";
				CLANG_ENABLE_MODULES = YES;
				CLANG_ENABLE_OBJC_ARC = YES;
				CLANG_ENABLE_OBJC_WEAK = YES;
				CLANG_WARN_BLOCK_CAPTURE_AUTORELEASING = YES;
				CLANG_WARN_BOOL_CONVERSION = YES;
				CLANG_WARN_COMMA = YES;
				CLANG_WARN_CONSTANT_CONVERSION = YES;
				CLANG_WARN_DEPRECATED_OBJC_IMPLEMENTATIONS = YES;
				CLANG_WARN_DIRECT_OBJC_ISA_USAGE = YES_ERROR;
				CLANG_WARN_DOCUMENTATION_COMMENTS = YES;
				CLANG_WARN_EMPTY_BODY = YES;
				CLANG_WARN_ENUM_CONVERSION = YES;
				CLANG_WARN_INFINITE_RECURSION = YES;
				CLANG_WARN_INT_CONVERSION = YES;
				CLANG_WARN_NON_LITERAL_NULL_CONVERSION = YES;
				CLANG_WARN_OBJC_IMPLICIT_RETAIN_SELF = YES;
				CLANG_WARN_OBJC_LITERAL_CONVERSION = YES;
				CLANG_WARN_OBJC_ROOT_CLASS = YES_ERROR;
				CLANG_WARN_RANGE_LOOP_ANALYSIS = YES;
				CLANG_WARN_STRICT_PROTOTYPES = YES;
				CLANG_WARN_SUSPICIOUS_MOVE = YES;
				CLANG_WARN_UNGUARDED_AVAILABILITY = YES_AGGRESSIVE;
				CLANG_WARN_UNREACHABLE_CODE = YES;
				CLANG_WARN__DUPLICATE_METHOD_MATCH = YES;
				COPY_PHASE_STRIP = NO;
				DEBUG_INFORMATION_FORMAT = dwarf;
				ENABLE_STRICT_OBJC_MSGSEND = YES;
				ENABLE_TESTABILITY = YES;
				GCC_C_LANGUAGE_STANDARD = gnu11;
				GCC_DYNAMIC_NO_PIC = NO;
				GCC_NO_COMMON_BLOCKS = YES;
				GCC_OPTIMIZATION_LEVEL = 0;
				GCC_PREPROCESSOR_DEFINITIONS = (
					"DEBUG=1",
					"$(inherited)",
				);
				GCC_WARN_64_TO_32_BIT_CONVERSION = YES;
				GCC_WARN_ABOUT_RETURN_TYPE = YES_ERROR;
				GCC_WARN_UNDECLARED_SELECTOR = YES;
				GCC_WARN_UNINITIALIZED_AUTOS = YES_AGGRESSIVE;
				GCC_WARN_UNUSED_FUNCTION = YES;
				GCC_WARN_UNUSED_VARIABLE = YES;
				IPHONEOS_DEPLOYMENT_TARGET = 13.5;
				MTL_ENABLE_DEBUG_INFO = INCLUDE_SOURCE;
				MTL_FAST_MATH = YES;
				ONLY_ACTIVE_ARCH = YES;
				SDKROOT = iphoneos;
			};
			name = Debug;
		};
		3A9FBE5224A4F95500C7C461 /* Release */ = {
			isa = XCBuildConfiguration;
			buildSettings = {
				ALWAYS_SEARCH_USER_PATHS = NO;
				CLANG_ANALYZER_NONNULL = YES;
				CLANG_ANALYZER_NUMBER_OBJECT_CONVERSION = YES_AGGRESSIVE;
				CLANG_CXX_LANGUAGE_STANDARD = "gnu++14";
				CLANG_CXX_LIBRARY = "libc++";
				CLANG_ENABLE_MODULES = YES;
				CLANG_ENABLE_OBJC_ARC = YES;
				CLANG_ENABLE_OBJC_WEAK = YES;
				CLANG_WARN_BLOCK_CAPTURE_AUTORELEASING = YES;
				CLANG_WARN_BOOL_CONVERSION = YES;
				CLANG_WARN_COMMA = YES;
				CLANG_WARN_CONSTANT_CONVERSION = YES;
				CLANG_WARN_DEPRECATED_OBJC_IMPLEMENTATIONS = YES;
				CLANG_WARN_DIRECT_OBJC_ISA_USAGE = YES_ERROR;
				CLANG_WARN_DOCUMENTATION_COMMENTS = YES;
				CLANG_WARN_EMPTY_BODY = YES;
				CLANG_WARN_ENUM_CONVERSION = YES;
				CLANG_WARN_INFINITE_RECURSION = YES;
				CLANG_WARN_INT_CONVERSION = YES;
				CLANG_WARN_NON_LITERAL_NULL_CONVERSION = YES;
				CLANG_WARN_OBJC_IMPLICIT_RETAIN_SELF = YES;
				CLANG_WARN_OBJC_LITERAL_CONVERSION = YES;
				CLANG_WARN_OBJC_ROOT_CLASS = YES_ERROR;
				CLANG_WARN_RANGE_LOOP_ANALYSIS = YES;
				CLANG_WARN_STRICT_PROTOTYPES = YES;
				CLANG_WARN_SUSPICIOUS_MOVE = YES;
				CLANG_WARN_UNGUARDED_AVAILABILITY = YES_AGGRESSIVE;
				CLANG_WARN_UNREACHABLE_CODE = YES;
				CLANG_WARN__DUPLICATE_METHOD_MATCH = YES;
				COPY_PHASE_STRIP = NO;
				DEBUG_INFORMATION_FORMAT = "dwarf-with-dsym";
				ENABLE_NS_ASSERTIONS = NO;
				ENABLE_STRICT_OBJC_MSGSEND = YES;
				GCC_C_LANGUAGE_STANDARD = gnu11;
				GCC_NO_COMMON_BLOCKS = YES;
				GCC_WARN_64_TO_32_BIT_CONVERSION = YES;
				GCC_WARN_ABOUT_RETURN_TYPE = YES_ERROR;
				GCC_WARN_UNDECLARED_SELECTOR = YES;
				GCC_WARN_UNINITIALIZED_AUTOS = YES_AGGRESSIVE;
				GCC_WARN_UNUSED_FUNCTION = YES;
				GCC_WARN_UNUSED_VARIABLE = YES;
				IPHONEOS_DEPLOYMENT_TARGET = 13.5;
				MTL_ENABLE_DEBUG_INFO = NO;
				MTL_FAST_MATH = YES;
				SDKROOT = iphoneos;
				VALIDATE_PRODUCT = YES;
			};
			name = Release;
		};
		3A9FBE5424A4F95500C7C461 /* Debug */ = {
			isa = XCBuildConfiguration;
			baseConfigurationReference = B328E2AC74DE58092F52A482 /* Pods-TumblrLab.debug.xcconfig */;
			buildSettings = {
				ASSETCATALOG_COMPILER_APPICON_NAME = AppIcon;
				CODE_SIGN_STYLE = Automatic;
				INFOPLIST_FILE = TumblrLab/Info.plist;
				LD_RUNPATH_SEARCH_PATHS = (
					"$(inherited)",
					"@executable_path/Frameworks",
				);
				PRODUCT_BUNDLE_IDENTIFIER = com.jazgill.TumblrLab;
				PRODUCT_NAME = "$(TARGET_NAME)";
				TARGETED_DEVICE_FAMILY = "1,2";
			};
			name = Debug;
		};
		3A9FBE5524A4F95500C7C461 /* Release */ = {
			isa = XCBuildConfiguration;
			baseConfigurationReference = F28318F73624F15D2570D7A4 /* Pods-TumblrLab.release.xcconfig */;
			buildSettings = {
				ASSETCATALOG_COMPILER_APPICON_NAME = AppIcon;
				CODE_SIGN_STYLE = Automatic;
				INFOPLIST_FILE = TumblrLab/Info.plist;
				LD_RUNPATH_SEARCH_PATHS = (
					"$(inherited)",
					"@executable_path/Frameworks",
				);
				PRODUCT_BUNDLE_IDENTIFIER = com.jazgill.TumblrLab;
				PRODUCT_NAME = "$(TARGET_NAME)";
				TARGETED_DEVICE_FAMILY = "1,2";
			};
			name = Release;
		};
		3A9FBE5724A4F95500C7C461 /* Debug */ = {
			isa = XCBuildConfiguration;
			baseConfigurationReference = AC673AE072503860241C42A6 /* Pods-TumblrLabTests.debug.xcconfig */;
			buildSettings = {
				BUNDLE_LOADER = "$(TEST_HOST)";
				CODE_SIGN_STYLE = Automatic;
				INFOPLIST_FILE = TumblrLabTests/Info.plist;
				IPHONEOS_DEPLOYMENT_TARGET = 13.5;
				LD_RUNPATH_SEARCH_PATHS = (
					"$(inherited)",
					"@executable_path/Frameworks",
					"@loader_path/Frameworks",
				);
				PRODUCT_BUNDLE_IDENTIFIER = com.jazgill.TumblrLabTests;
				PRODUCT_NAME = "$(TARGET_NAME)";
				TARGETED_DEVICE_FAMILY = "1,2";
				TEST_HOST = "$(BUILT_PRODUCTS_DIR)/TumblrLab.app/TumblrLab";
			};
			name = Debug;
		};
		3A9FBE5824A4F95500C7C461 /* Release */ = {
			isa = XCBuildConfiguration;
			baseConfigurationReference = 1084540907136D41D17CFF42 /* Pods-TumblrLabTests.release.xcconfig */;
			buildSettings = {
				BUNDLE_LOADER = "$(TEST_HOST)";
				CODE_SIGN_STYLE = Automatic;
				INFOPLIST_FILE = TumblrLabTests/Info.plist;
				IPHONEOS_DEPLOYMENT_TARGET = 13.5;
				LD_RUNPATH_SEARCH_PATHS = (
					"$(inherited)",
					"@executable_path/Frameworks",
					"@loader_path/Frameworks",
				);
				PRODUCT_BUNDLE_IDENTIFIER = com.jazgill.TumblrLabTests;
				PRODUCT_NAME = "$(TARGET_NAME)";
				TARGETED_DEVICE_FAMILY = "1,2";
				TEST_HOST = "$(BUILT_PRODUCTS_DIR)/TumblrLab.app/TumblrLab";
			};
			name = Release;
		};
		3A9FBE5A24A4F95500C7C461 /* Debug */ = {
			isa = XCBuildConfiguration;
			baseConfigurationReference = 7A29127E702B0447262D0AC3 /* Pods-TumblrLab-TumblrLabUITests.debug.xcconfig */;
			buildSettings = {
				CODE_SIGN_STYLE = Automatic;
				INFOPLIST_FILE = TumblrLabUITests/Info.plist;
				LD_RUNPATH_SEARCH_PATHS = (
					"$(inherited)",
					"@executable_path/Frameworks",
					"@loader_path/Frameworks",
				);
				PRODUCT_BUNDLE_IDENTIFIER = com.jazgill.TumblrLabUITests;
				PRODUCT_NAME = "$(TARGET_NAME)";
				TARGETED_DEVICE_FAMILY = "1,2";
				TEST_TARGET_NAME = TumblrLab;
			};
			name = Debug;
		};
		3A9FBE5B24A4F95500C7C461 /* Release */ = {
			isa = XCBuildConfiguration;
			baseConfigurationReference = A5E2CFC3B3037209769893AB /* Pods-TumblrLab-TumblrLabUITests.release.xcconfig */;
			buildSettings = {
				CODE_SIGN_STYLE = Automatic;
				INFOPLIST_FILE = TumblrLabUITests/Info.plist;
				LD_RUNPATH_SEARCH_PATHS = (
					"$(inherited)",
					"@executable_path/Frameworks",
					"@loader_path/Frameworks",
				);
				PRODUCT_BUNDLE_IDENTIFIER = com.jazgill.TumblrLabUITests;
				PRODUCT_NAME = "$(TARGET_NAME)";
				TARGETED_DEVICE_FAMILY = "1,2";
				TEST_TARGET_NAME = TumblrLab;
			};
			name = Release;
		};
/* End XCBuildConfiguration section */

/* Begin XCConfigurationList section */
		3A9FBE1F24A4F95400C7C461 /* Build configuration list for PBXProject "TumblrLab" */ = {
			isa = XCConfigurationList;
			buildConfigurations = (
				3A9FBE5124A4F95500C7C461 /* Debug */,
				3A9FBE5224A4F95500C7C461 /* Release */,
			);
			defaultConfigurationIsVisible = 0;
			defaultConfigurationName = Release;
		};
		3A9FBE5324A4F95500C7C461 /* Build configuration list for PBXNativeTarget "TumblrLab" */ = {
			isa = XCConfigurationList;
			buildConfigurations = (
				3A9FBE5424A4F95500C7C461 /* Debug */,
				3A9FBE5524A4F95500C7C461 /* Release */,
			);
			defaultConfigurationIsVisible = 0;
			defaultConfigurationName = Release;
		};
		3A9FBE5624A4F95500C7C461 /* Build configuration list for PBXNativeTarget "TumblrLabTests" */ = {
			isa = XCConfigurationList;
			buildConfigurations = (
				3A9FBE5724A4F95500C7C461 /* Debug */,
				3A9FBE5824A4F95500C7C461 /* Release */,
			);
			defaultConfigurationIsVisible = 0;
			defaultConfigurationName = Release;
		};
		3A9FBE5924A4F95500C7C461 /* Build configuration list for PBXNativeTarget "TumblrLabUITests" */ = {
			isa = XCConfigurationList;
			buildConfigurations = (
				3A9FBE5A24A4F95500C7C461 /* Debug */,
				3A9FBE5B24A4F95500C7C461 /* Release */,
			);
			defaultConfigurationIsVisible = 0;
			defaultConfigurationName = Release;
		};
/* End XCConfigurationList section */
	};
	rootObject = 3A9FBE1C24A4F95400C7C461 /* Project object */;
}
